{
  "object": {
    "pins": [
      {
        "package": "AntMessageProtocol",
        "repositoryURL": "https://github.com/FitnessKit/AntMessageProtocol",
        "state": {
          "branch": null,
          "revision": "afc14379bde79757ee97b3a6e611665e1196265d",
          "version": "0.2.0"
        }
      },
      {
        "package": "DataDecoder",
        "repositoryURL": "https://github.com/FitnessKit/DataDecoder",
        "state": {
          "branch": null,
          "revision": "24e83648db32bb7457e6150a336f72c06da6dbd5",
          "version": "4.0.3"
        }
      },
      {
        "package": "FitnessUnits",
        "repositoryURL": "https://github.com/FitnessKit/FitnessUnits",
        "state": {
          "branch": null,
          "revision": "4d682dd0fd7241435166a11131fdbcb2d5548f9c",
          "version": "1.5.0"
        }
      }
    ]
  },
  "version": 1
}
